
Microsoft Visual Studio Solution File, Format Version 12.00
# Visual Studio Version 16
VisualStudioVersion = 16.0.30320.27
MinimumVisualStudioVersion = 10.0.40219.1
Project("{FAE04EC0-301F-11D3-BF4B-00C04F79EFBC}") = "motorbikemanage.mvc", "motorbikemanage.mvc.csproj", "{033BBBD7-E4D0-4F33-9286-43C36B865231}"
EndProject
Global
	GlobalSection(SolutionConfigurationPlatforms) = preSolution
		Debug|Any CPU = Debug|Any CPU
		Release|Any CPU = Release|Any CPU
	EndGlobalSection
	GlobalSection(ProjectConfigurationPlatforms) = postSolution
		{033BBBD7-E4D0-4F33-9286-43C36B865231}.Debug|Any CPU.ActiveCfg = Debug|Any CPU
		{033BBBD7-E4D0-4F33-9286-43C36B865231}.Debug|Any CPU.Build.0 = Debug|Any CPU
		{033BBBD7-E4D0-4F33-9286-43C36B865231}.Release|Any CPU.ActiveCfg = Release|Any CPU
		{033BBBD7-E4D0-4F33-9286-43C36B865231}.Release|Any CPU.Build.0 = Release|Any CPU
	EndGlobalSection
	GlobalSection(SolutionProperties) = preSolution
		HideSolutionNode = FALSE
	EndGlobalSection
	GlobalSection(ExtensibilityGlobals) = postSolution
		SolutionGuid = {A958303B-6407-4EDC-A31B-C144C15E3302}
	EndGlobalSection
EndGlobal
